github.com/urfave/cli v1.20.0 h1:fDqGv3UG/4jbVl/QkFwEdddtEDjh/5Ov6X+0B/3bPaw=
github.com/urfave/cli v1.20.0/go.mod h1:70zkFmudgCuE/ngEzBv17Jvp/497gISqfk5gWijbERA=
gitlab.com/gitlab-org/security-products/analyzers/common v1.6.0 h1:XR58lhSSbw74JWT+LEw+SxE/Rdobx0hFvuKqGbK3oOE=
gitlab.com/gitlab-org/security-products/analyzers/common v1.6.0/go.mod h1:JQ8r1lvHrcCVx1zFfiKHWgrMS2l5XWEJNv48DtGX944=
